Microsoft Visual Studio Solution File, Format Version 12.00
# Visual Studio Version 17
VisualStudioVersion = 17.5.2.0
MinimumVisualStudioVersion = 10.0.40219.1
Project("{FAE04EC0-301F-11D3-BF4B-00C04F79EFBC}") = "indx-console-core", "indx-console-core.csproj", "{92BFBEFB-18E6-3737-77DD-11C28B75C73D}"
EndProject
Global
	GlobalSection(SolutionConfigurationPlatforms) = preSolution
		Debug|Any CPU = Debug|Any CPU
		Release|Any CPU = Release|Any CPU
	EndGlobalSection
	GlobalSection(ProjectConfigurationPlatforms) = postSolution
		{92BFBEFB-18E6-3737-77DD-11C28B75C73D}.Debug|Any CPU.ActiveCfg = Debug|Any CPU
		{92BFBEFB-18E6-3737-77DD-11C28B75C73D}.Debug|Any CPU.Build.0 = Debug|Any CPU
		{92BFBEFB-18E6-3737-77DD-11C28B75C73D}.Release|Any CPU.ActiveCfg = Release|Any CPU
		{92BFBEFB-18E6-3737-77DD-11C28B75C73D}.Release|Any CPU.Build.0 = Release|Any CPU
	EndGlobalSection
	GlobalSection(SolutionProperties) = preSolution
		HideSolutionNode = FALSE
	EndGlobalSection
	GlobalSection(ExtensibilityGlobals) = postSolution
		SolutionGuid = {5A81B983-10DB-48D0-A949-F393DC1F6CBC}
	EndGlobalSection
EndGlobal
